// !$*UTF8*$!
{
	archiveVersion = 1;
	classes = {
	};
	objectVersion = 56;
	objects = {

/* Begin PBXBuildFile section */
		CE050AA0298A4086006A5507 /* 34. Find First and Last Position of Element in Sorted Array.swift in Sources */ = {isa = PBXBuildFile; fileRef = CE050A9F298A4086006A5507 /* 34. Find First and Last Position of Element in Sorted Array.swift */; };
		CE051BA6296C28380048DA3F /* 11. Container With Most Water.swift in Sources */ = {isa = PBXBuildFile; fileRef = CE051BA5296C28380048DA3F /* 11. Container With Most Water.swift */; };
		CE051BA8296D7D7D0048DA3F /* 13. Roman to Integer.swift in Sources */ = {isa = PBXBuildFile; fileRef = CE051BA7296D7D7D0048DA3F /* 13. Roman to Integer.swift */; };
		CE06A90129815ECF0070F6FC /* 25. Reverse Nodes in k-Group.swift in Sources */ = {isa = PBXBuildFile; fileRef = CE06A90029815ECF0070F6FC /* 25. Reverse Nodes in k-Group.swift */; };
		CE0BD8DB29825A2400B0AA9E /* enum에 관한 고찰.swift in Sources */ = {isa = PBXBuildFile; fileRef = CE0BD8DA29825A2400B0AA9E /* enum에 관한 고찰.swift */; };
		CE0CC845298DF35B009D3F83 /* 38. Count and Say.swift in Sources */ = {isa = PBXBuildFile; fileRef = CE0CC844298DF35B009D3F83 /* 38. Count and Say.swift */; };
		CE0F374029719721005B7339 /* 16. 3Sum Closeset.swift in Sources */ = {isa = PBXBuildFile; fileRef = CE0F373F29719721005B7339 /* 16. 3Sum Closeset.swift */; };
		CE2775A9296FE843009D4486 /* 15. 3Sum.swift in Sources */ = {isa = PBXBuildFile; fileRef = CE2775A8296FE843009D4486 /* 15. 3Sum.swift */; };
		CE28C8D92976BE3D000FB131 /* 18. 4Sum.swift in Sources */ = {isa = PBXBuildFile; fileRef = CE28C8D82976BE3D000FB131 /* 18. 4Sum.swift */; };
		CE2C2510297AAC74009022C1 /* 21. Merge Two Sorted Lists.swift in Sources */ = {isa = PBXBuildFile; fileRef = CE2C250F297AAC74009022C1 /* 21. Merge Two Sorted Lists.swift */; };
		CE31A8A72987E5AD0038AF20 /* 31. Next Permutation.swift in Sources */ = {isa = PBXBuildFile; fileRef = CE31A8A62987E5AD0038AF20 /* 31. Next Permutation.swift */; };
		CE31A8D22989628C0038AF20 /* 35. Search Insert Position.swift in Sources */ = {isa = PBXBuildFile; fileRef = CE31A8D12989628C0038AF20 /* 35. Search Insert Position.swift */; };
		CE3A618D296557E30012280D /* main.swift in Sources */ = {isa = PBXBuildFile; fileRef = CE3A618C296557E30012280D /* main.swift */; };
		CE5E79DE29743AB0002A1613 /* 17. Letter Combinations of a Phone Number.swift in Sources */ = {isa = PBXBuildFile; fileRef = CE5E79DD29743AB0002A1613 /* 17. Letter Combinations of a Phone Number.swift */; };
		CE62835F29670B4B00BC03B2 /* 1063.swift in Sources */ = {isa = PBXBuildFile; fileRef = CE62835E29670B4B00BC03B2 /* 1063.swift */; };
		CE784B72296E7E48005F016F /* 12. Integer to Roman.swift in Sources */ = {isa = PBXBuildFile; fileRef = CE784B71296E7E48005F016F /* 12. Integer to Roman.swift */; };
		CE784B74296E8605005F016F /* 14. Longest Common Prefix.swift in Sources */ = {isa = PBXBuildFile; fileRef = CE784B73296E8605005F016F /* 14. Longest Common Prefix.swift */; };
		CE7A3798298D425D0081D6D1 /* 37. Sudoku Solver .swift in Sources */ = {isa = PBXBuildFile; fileRef = CE7A3797298D425D0081D6D1 /* 37. Sudoku Solver .swift */; };
		CEB412152982A6E700AEB637 /* 26. Remove Duplicates from Sorted Array.swift in Sources */ = {isa = PBXBuildFile; fileRef = CEB412142982A6E700AEB637 /* 26. Remove Duplicates from Sorted Array.swift */; };
		CEB412172983F02500AEB637 /* 27. Remove Element.swift in Sources */ = {isa = PBXBuildFile; fileRef = CEB412162983F02500AEB637 /* 27. Remove Element.swift */; };
		CEC7A85A297FE60C00C8F49C /* 24. Swap Nodes in Pairs.swift in Sources */ = {isa = PBXBuildFile; fileRef = CEC7A859297FE60C00C8F49C /* 24. Swap Nodes in Pairs.swift */; };
		CED45AC9297C04EC0056AAF5 /* 22. Generate Parentheses.swift in Sources */ = {isa = PBXBuildFile; fileRef = CED45AC8297C04EC0056AAF5 /* 22. Generate Parentheses.swift */; };
		CED45ACB297E9ED40056AAF5 /* 23. Merge k Sorted Lists.swift in Sources */ = {isa = PBXBuildFile; fileRef = CED45ACA297E9ED40056AAF5 /* 23. Merge k Sorted Lists.swift */; };
		CED6821B29861C6800E82059 /* 29FAIL.swift in Sources */ = {isa = PBXBuildFile; fileRef = CED6821A29861C6800E82059 /* 29FAIL.swift */; };
		CED6821D2986410900E82059 /* 30. Substring with Concatenation of All Words.swift in Sources */ = {isa = PBXBuildFile; fileRef = CED6821C2986410900E82059 /* 30. Substring with Concatenation of All Words.swift */; };
		CEE37B4B29797CD900FAC1A5 /* 20. Valid Parentheses.swift in Sources */ = {isa = PBXBuildFile; fileRef = CEE37B4A29797CD900FAC1A5 /* 20. Valid Parentheses.swift */; };
		CEE87D2F298BEB820022C725 /* 36. Valid Sudoku.swift in Sources */ = {isa = PBXBuildFile; fileRef = CEE87D2E298BEB820022C725 /* 36. Valid Sudoku.swift */; };
		CEECBA6D2977FD9500822EEA /* 19. Remove Nth Node From End of List.swift in Sources */ = {isa = PBXBuildFile; fileRef = CEECBA6C2977FD9500822EEA /* 19. Remove Nth Node From End of List.swift */; };
		CEFA84EA2985689600109690 /* 28. Find the Index of the First Occurrence in a String .swift in Sources */ = {isa = PBXBuildFile; fileRef = CEFA84E92985689600109690 /* 28. Find the Index of the First Occurrence in a String .swift */; };
/* End PBXBuildFile section */

/* Begin PBXCopyFilesBuildPhase section */
		CE3A6187296557E30012280D /* CopyFiles */ = {
			isa = PBXCopyFilesBuildPhase;
			buildActionMask = 2147483647;
			dstPath = /usr/share/man/man1/;
			dstSubfolderSpec = 0;
			files = (
			);
			runOnlyForDeploymentPostprocessing = 1;
		};
/* End PBXCopyFilesBuildPhase section */

/* Begin PBXFileReference section */
		CE050A9F298A4086006A5507 /* 34. Find First and Last Position of Element in Sorted Array.swift */ = {isa = PBXFileReference; lastKnownFileType = sourcecode.swift; path = "34. Find First and Last Position of Element in Sorted Array.swift"; sourceTree = "<group>"; };
		CE051BA5296C28380048DA3F /* 11. Container With Most Water.swift */ = {isa = PBXFileReference; lastKnownFileType = sourcecode.swift; path = "11. Container With Most Water.swift"; sourceTree = "<group>"; };
		CE051BA7296D7D7D0048DA3F /* 13. Roman to Integer.swift */ = {isa = PBXFileReference; lastKnownFileType = sourcecode.swift; path = "13. Roman to Integer.swift"; sourceTree = "<group>"; };
		CE06A90029815ECF0070F6FC /* 25. Reverse Nodes in k-Group.swift */ = {isa = PBXFileReference; lastKnownFileType = sourcecode.swift; path = "25. Reverse Nodes in k-Group.swift"; sourceTree = "<group>"; };
		CE0BD8DA29825A2400B0AA9E /* enum에 관한 고찰.swift */ = {isa = PBXFileReference; lastKnownFileType = sourcecode.swift; path = "enum에 관한 고찰.swift"; sourceTree = "<group>"; };
		CE0CC844298DF35B009D3F83 /* 38. Count and Say.swift */ = {isa = PBXFileReference; lastKnownFileType = sourcecode.swift; path = "38. Count and Say.swift"; sourceTree = "<group>"; };
		CE0F373F29719721005B7339 /* 16. 3Sum Closeset.swift */ = {isa = PBXFileReference; lastKnownFileType = sourcecode.swift; path = "16. 3Sum Closeset.swift"; sourceTree = "<group>"; };
		CE2775A8296FE843009D4486 /* 15. 3Sum.swift */ = {isa = PBXFileReference; lastKnownFileType = sourcecode.swift; path = "15. 3Sum.swift"; sourceTree = "<group>"; };
		CE28C8D82976BE3D000FB131 /* 18. 4Sum.swift */ = {isa = PBXFileReference; lastKnownFileType = sourcecode.swift; path = "18. 4Sum.swift"; sourceTree = "<group>"; };
		CE2C250F297AAC74009022C1 /* 21. Merge Two Sorted Lists.swift */ = {isa = PBXFileReference; lastKnownFileType = sourcecode.swift; path = "21. Merge Two Sorted Lists.swift"; sourceTree = "<group>"; };
		CE31A8A62987E5AD0038AF20 /* 31. Next Permutation.swift */ = {isa = PBXFileReference; lastKnownFileType = sourcecode.swift; path = "31. Next Permutation.swift"; sourceTree = "<group>"; };
		CE31A8D12989628C0038AF20 /* 35. Search Insert Position.swift */ = {isa = PBXFileReference; lastKnownFileType = sourcecode.swift; path = "35. Search Insert Position.swift"; sourceTree = "<group>"; };
		CE3A6189296557E30012280D /* Algorithm_Swift */ = {isa = PBXFileReference; explicitFileType = "compiled.mach-o.executable"; includeInIndex = 0; path = Algorithm_Swift; sourceTree = BUILT_PRODUCTS_DIR; };
		CE3A618C296557E30012280D /* main.swift */ = {isa = PBXFileReference; lastKnownFileType = sourcecode.swift; path = main.swift; sourceTree = "<group>"; };
		CE5E79DD29743AB0002A1613 /* 17. Letter Combinations of a Phone Number.swift */ = {isa = PBXFileReference; lastKnownFileType = sourcecode.swift; path = "17. Letter Combinations of a Phone Number.swift"; sourceTree = "<group>"; };
		CE62835C2966EE4700BC03B2 /* 12851.swift */ = {isa = PBXFileReference; lastKnownFileType = sourcecode.swift; path = 12851.swift; sourceTree = "<group>"; };
		CE62835E29670B4B00BC03B2 /* 1063.swift */ = {isa = PBXFileReference; lastKnownFileType = sourcecode.swift; path = 1063.swift; sourceTree = "<group>"; };
		CE784B71296E7E48005F016F /* 12. Integer to Roman.swift */ = {isa = PBXFileReference; lastKnownFileType = sourcecode.swift; path = "12. Integer to Roman.swift"; sourceTree = "<group>"; };
		CE784B73296E8605005F016F /* 14. Longest Common Prefix.swift */ = {isa = PBXFileReference; lastKnownFileType = sourcecode.swift; path = "14. Longest Common Prefix.swift"; sourceTree = "<group>"; };
		CE7A3797298D425D0081D6D1 /* 37. Sudoku Solver .swift */ = {isa = PBXFileReference; lastKnownFileType = sourcecode.swift; path = "37. Sudoku Solver .swift"; sourceTree = "<group>"; };
		CEB412142982A6E700AEB637 /* 26. Remove Duplicates from Sorted Array.swift */ = {isa = PBXFileReference; lastKnownFileType = sourcecode.swift; path = "26. Remove Duplicates from Sorted Array.swift"; sourceTree = "<group>"; };
		CEB412162983F02500AEB637 /* 27. Remove Element.swift */ = {isa = PBXFileReference; lastKnownFileType = sourcecode.swift; path = "27. Remove Element.swift"; sourceTree = "<group>"; };
		CEC7A859297FE60C00C8F49C /* 24. Swap Nodes in Pairs.swift */ = {isa = PBXFileReference; lastKnownFileType = sourcecode.swift; path = "24. Swap Nodes in Pairs.swift"; sourceTree = "<group>"; };
		CED40B3A2967F02200E61567 /* 1138.swift */ = {isa = PBXFileReference; lastKnownFileType = sourcecode.swift; path = 1138.swift; sourceTree = "<group>"; };
		CED45AC8297C04EC0056AAF5 /* 22. Generate Parentheses.swift */ = {isa = PBXFileReference; lastKnownFileType = sourcecode.swift; path = "22. Generate Parentheses.swift"; sourceTree = "<group>"; };
		CED45ACA297E9ED40056AAF5 /* 23. Merge k Sorted Lists.swift */ = {isa = PBXFileReference; lastKnownFileType = sourcecode.swift; path = "23. Merge k Sorted Lists.swift"; sourceTree = "<group>"; };
		CED6821A29861C6800E82059 /* 29FAIL.swift */ = {isa = PBXFileReference; lastKnownFileType = sourcecode.swift; path = 29FAIL.swift; sourceTree = "<group>"; };
		CED6821C2986410900E82059 /* 30. Substring with Concatenation of All Words.swift */ = {isa = PBXFileReference; lastKnownFileType = sourcecode.swift; path = "30. Substring with Concatenation of All Words.swift"; sourceTree = "<group>"; };
		CEE37B4A29797CD900FAC1A5 /* 20. Valid Parentheses.swift */ = {isa = PBXFileReference; lastKnownFileType = sourcecode.swift; path = "20. Valid Parentheses.swift"; sourceTree = "<group>"; };
		CEE87D2E298BEB820022C725 /* 36. Valid Sudoku.swift */ = {isa = PBXFileReference; lastKnownFileType = sourcecode.swift; path = "36. Valid Sudoku.swift"; sourceTree = "<group>"; };
		CEECBA6C2977FD9500822EEA /* 19. Remove Nth Node From End of List.swift */ = {isa = PBXFileReference; lastKnownFileType = sourcecode.swift; path = "19. Remove Nth Node From End of List.swift"; sourceTree = "<group>"; };
		CEFA84E92985689600109690 /* 28. Find the Index of the First Occurrence in a String .swift */ = {isa = PBXFileReference; lastKnownFileType = sourcecode.swift; path = "28. Find the Index of the First Occurrence in a String .swift"; sourceTree = "<group>"; };
/* End PBXFileReference section */

/* Begin PBXFrameworksBuildPhase section */
		CE3A6186296557E30012280D /* Frameworks */ = {
			isa = PBXFrameworksBuildPhase;
			buildActionMask = 2147483647;
			files = (
			);
			runOnlyForDeploymentPostprocessing = 0;
		};
/* End PBXFrameworksBuildPhase section */

/* Begin PBXGroup section */
		CE3A6180296557E30012280D = {
			isa = PBXGroup;
			children = (
				CE3A618B296557E30012280D /* Algorithm_Swift */,
				CE3A618A296557E30012280D /* Products */,
			);
			sourceTree = "<group>";
		};
		CE3A618A296557E30012280D /* Products */ = {
			isa = PBXGroup;
			children = (
				CE3A6189296557E30012280D /* Algorithm_Swift */,
			);
			name = Products;
			sourceTree = "<group>";
		};
		CE3A618B296557E30012280D /* Algorithm_Swift */ = {
			isa = PBXGroup;
			children = (
				CE3A618C296557E30012280D /* main.swift */,
				CE0CC844298DF35B009D3F83 /* 38. Count and Say.swift */,
				CE7A3797298D425D0081D6D1 /* 37. Sudoku Solver .swift */,
				CEE87D2E298BEB820022C725 /* 36. Valid Sudoku.swift */,
				CE31A8D12989628C0038AF20 /* 35. Search Insert Position.swift */,
				CE050A9F298A4086006A5507 /* 34. Find First and Last Position of Element in Sorted Array.swift */,
				CE31A8A62987E5AD0038AF20 /* 31. Next Permutation.swift */,
				CED6821C2986410900E82059 /* 30. Substring with Concatenation of All Words.swift */,
				CED6821A29861C6800E82059 /* 29FAIL.swift */,
				CEFA84E92985689600109690 /* 28. Find the Index of the First Occurrence in a String .swift */,
				CEB412162983F02500AEB637 /* 27. Remove Element.swift */,
				CEB412142982A6E700AEB637 /* 26. Remove Duplicates from Sorted Array.swift */,
				CE06A90029815ECF0070F6FC /* 25. Reverse Nodes in k-Group.swift */,
				CE0BD8DA29825A2400B0AA9E /* enum에 관한 고찰.swift */,
				CEC7A859297FE60C00C8F49C /* 24. Swap Nodes in Pairs.swift */,
				CED45ACA297E9ED40056AAF5 /* 23. Merge k Sorted Lists.swift */,
				CED45AC8297C04EC0056AAF5 /* 22. Generate Parentheses.swift */,
				CEE37B4A29797CD900FAC1A5 /* 20. Valid Parentheses.swift */,
				CEECBA6C2977FD9500822EEA /* 19. Remove Nth Node From End of List.swift */,
				CE28C8D82976BE3D000FB131 /* 18. 4Sum.swift */,
				CE5E79DD29743AB0002A1613 /* 17. Letter Combinations of a Phone Number.swift */,
				CE0F373F29719721005B7339 /* 16. 3Sum Closeset.swift */,
				CE2775A8296FE843009D4486 /* 15. 3Sum.swift */,
				CE784B73296E8605005F016F /* 14. Longest Common Prefix.swift */,
				CE051BA7296D7D7D0048DA3F /* 13. Roman to Integer.swift */,
				CE784B71296E7E48005F016F /* 12. Integer to Roman.swift */,
				CE051BA5296C28380048DA3F /* 11. Container With Most Water.swift */,
				CED40B3A2967F02200E61567 /* 1138.swift */,
				CE62835E29670B4B00BC03B2 /* 1063.swift */,
				CE62835C2966EE4700BC03B2 /* 12851.swift */,
				CE2C250F297AAC74009022C1 /* 21. Merge Two Sorted Lists.swift */,
			);
			path = Algorithm_Swift;
			sourceTree = "<group>";
		};
/* End PBXGroup section */

/* Begin PBXNativeTarget section */
		CE3A6188296557E30012280D /* Algorithm_Swift */ = {
			isa = PBXNativeTarget;
			buildConfigurationList = CE3A6190296557E30012280D /* Build configuration list for PBXNativeTarget "Algorithm_Swift" */;
			buildPhases = (
				CE3A6185296557E30012280D /* Sources */,
				CE3A6186296557E30012280D /* Frameworks */,
				CE3A6187296557E30012280D /* CopyFiles */,
			);
			buildRules = (
			);
			dependencies = (
			);
			name = Algorithm_Swift;
			productName = Algorithm_Swift;
			productReference = CE3A6189296557E30012280D /* Algorithm_Swift */;
			productType = "com.apple.product-type.tool";
		};
/* End PBXNativeTarget section */

/* Begin PBXProject section */
		CE3A6181296557E30012280D /* Project object */ = {
			isa = PBXProject;
			attributes = {
				BuildIndependentTargetsInParallel = 1;
				LastSwiftUpdateCheck = 1400;
				LastUpgradeCheck = 1400;
				TargetAttributes = {
					CE3A6188296557E30012280D = {
						CreatedOnToolsVersion = 14.0.1;
					};
				};
			};
			buildConfigurationList = CE3A6184296557E30012280D /* Build configuration list for PBXProject "Algorithm_Swift" */;
			compatibilityVersion = "Xcode 14.0";
			developmentRegion = en;
			hasScannedForEncodings = 0;
			knownRegions = (
				en,
				Base,
			);
			mainGroup = CE3A6180296557E30012280D;
			productRefGroup = CE3A618A296557E30012280D /* Products */;
			projectDirPath = "";
			projectRoot = "";
			targets = (
				CE3A6188296557E30012280D /* Algorithm_Swift */,
			);
		};
/* End PBXProject section */

/* Begin PBXSourcesBuildPhase section */
		CE3A6185296557E30012280D /* Sources */ = {
			isa = PBXSourcesBuildPhase;
			buildActionMask = 2147483647;
			files = (
				CE06A90129815ECF0070F6FC /* 25. Reverse Nodes in k-Group.swift in Sources */,
				CEE37B4B29797CD900FAC1A5 /* 20. Valid Parentheses.swift in Sources */,
				CE051BA6296C28380048DA3F /* 11. Container With Most Water.swift in Sources */,
				CE0F374029719721005B7339 /* 16. 3Sum Closeset.swift in Sources */,
				CE051BA8296D7D7D0048DA3F /* 13. Roman to Integer.swift in Sources */,
				CE2C2510297AAC74009022C1 /* 21. Merge Two Sorted Lists.swift in Sources */,
				CE784B74296E8605005F016F /* 14. Longest Common Prefix.swift in Sources */,
				CEC7A85A297FE60C00C8F49C /* 24. Swap Nodes in Pairs.swift in Sources */,
				CE0BD8DB29825A2400B0AA9E /* enum에 관한 고찰.swift in Sources */,
				CE7A3798298D425D0081D6D1 /* 37. Sudoku Solver .swift in Sources */,
				CED45ACB297E9ED40056AAF5 /* 23. Merge k Sorted Lists.swift in Sources */,
				CED6821D2986410900E82059 /* 30. Substring with Concatenation of All Words.swift in Sources */,
				CEB412172983F02500AEB637 /* 27. Remove Element.swift in Sources */,
				CED45AC9297C04EC0056AAF5 /* 22. Generate Parentheses.swift in Sources */,
				CED6821B29861C6800E82059 /* 29FAIL.swift in Sources */,
				CE2775A9296FE843009D4486 /* 15. 3Sum.swift in Sources */,
				CE28C8D92976BE3D000FB131 /* 18. 4Sum.swift in Sources */,
				CE3A618D296557E30012280D /* main.swift in Sources */,
				CE5E79DE29743AB0002A1613 /* 17. Letter Combinations of a Phone Number.swift in Sources */,
				CE050AA0298A4086006A5507 /* 34. Find First and Last Position of Element in Sorted Array.swift in Sources */,
				CE0CC845298DF35B009D3F83 /* 38. Count and Say.swift in Sources */,
				CE62835F29670B4B00BC03B2 /* 1063.swift in Sources */,
				CEB412152982A6E700AEB637 /* 26. Remove Duplicates from Sorted Array.swift in Sources */,
				CE31A8D22989628C0038AF20 /* 35. Search Insert Position.swift in Sources */,
				CEE87D2F298BEB820022C725 /* 36. Valid Sudoku.swift in Sources */,
				CEECBA6D2977FD9500822EEA /* 19. Remove Nth Node From End of List.swift in Sources */,
				CEFA84EA2985689600109690 /* 28. Find the Index of the First Occurrence in a String .swift in Sources */,
				CE31A8A72987E5AD0038AF20 /* 31. Next Permutation.swift in Sources */,
				CE784B72296E7E48005F016F /* 12. Integer to Roman.swift in Sources */,
			);
			runOnlyForDeploymentPostprocessing = 0;
		};
/* End PBXSourcesBuildPhase section */

/* Begin XCBuildConfiguration section */
		CE3A618E296557E30012280D /* Debug */ = {
			isa = XCBuildConfiguration;
			buildSettings = {
				ALWAYS_SEARCH_USER_PATHS = NO;
				CLANG_ANALYZER_NONNULL = YES;
				CLANG_ANALYZER_NUMBER_OBJECT_CONVERSION = YES_AGGRESSIVE;
				CLANG_CXX_LANGUAGE_STANDARD = "gnu++20";
				CLANG_ENABLE_MODULES = YES;
				CLANG_ENABLE_OBJC_ARC = YES;
				CLANG_ENABLE_OBJC_WEAK = YES;
				CLANG_WARN_BLOCK_CAPTURE_AUTORELEASING = YES;
				CLANG_WARN_BOOL_CONVERSION = YES;
				CLANG_WARN_COMMA = YES;
				CLANG_WARN_CONSTANT_CONVERSION = YES;
				CLANG_WARN_DEPRECATED_OBJC_IMPLEMENTATIONS = YES;
				CLANG_WARN_DIRECT_OBJC_ISA_USAGE = YES_ERROR;
				CLANG_WARN_DOCUMENTATION_COMMENTS = YES;
				CLANG_WARN_EMPTY_BODY = YES;
				CLANG_WARN_ENUM_CONVERSION = YES;
				CLANG_WARN_INFINITE_RECURSION = YES;
				CLANG_WARN_INT_CONVERSION = YES;
				CLANG_WARN_NON_LITERAL_NULL_CONVERSION = YES;
				CLANG_WARN_OBJC_IMPLICIT_RETAIN_SELF = YES;
				CLANG_WARN_OBJC_LITERAL_CONVERSION = YES;
				CLANG_WARN_OBJC_ROOT_CLASS = YES_ERROR;
				CLANG_WARN_QUOTED_INCLUDE_IN_FRAMEWORK_HEADER = YES;
				CLANG_WARN_RANGE_LOOP_ANALYSIS = YES;
				CLANG_WARN_STRICT_PROTOTYPES = YES;
				CLANG_WARN_SUSPICIOUS_MOVE = YES;
				CLANG_WARN_UNGUARDED_AVAILABILITY = YES_AGGRESSIVE;
				CLANG_WARN_UNREACHABLE_CODE = YES;
				CLANG_WARN__DUPLICATE_METHOD_MATCH = YES;
				COPY_PHASE_STRIP = NO;
				DEBUG_INFORMATION_FORMAT = dwarf;
				ENABLE_STRICT_OBJC_MSGSEND = YES;
				ENABLE_TESTABILITY = YES;
				GCC_C_LANGUAGE_STANDARD = gnu11;
				GCC_DYNAMIC_NO_PIC = NO;
				GCC_NO_COMMON_BLOCKS = YES;
				GCC_OPTIMIZATION_LEVEL = 0;
				GCC_PREPROCESSOR_DEFINITIONS = (
					"DEBUG=1",
					"$(inherited)",
				);
				GCC_WARN_64_TO_32_BIT_CONVERSION = YES;
				GCC_WARN_ABOUT_RETURN_TYPE = YES_ERROR;
				GCC_WARN_UNDECLARED_SELECTOR = YES;
				GCC_WARN_UNINITIALIZED_AUTOS = YES_AGGRESSIVE;
				GCC_WARN_UNUSED_FUNCTION = YES;
				GCC_WARN_UNUSED_VARIABLE = YES;
				MACOSX_DEPLOYMENT_TARGET = 12.3;
				MTL_ENABLE_DEBUG_INFO = INCLUDE_SOURCE;
				MTL_FAST_MATH = YES;
				ONLY_ACTIVE_ARCH = YES;
				SDKROOT = macosx;
				SWIFT_ACTIVE_COMPILATION_CONDITIONS = DEBUG;
				SWIFT_OPTIMIZATION_LEVEL = "-Onone";
			};
			name = Debug;
		};
		CE3A618F296557E30012280D /* Release */ = {
			isa = XCBuildConfiguration;
			buildSettings = {
				ALWAYS_SEARCH_USER_PATHS = NO;
				CLANG_ANALYZER_NONNULL = YES;
				CLANG_ANALYZER_NUMBER_OBJECT_CONVERSION = YES_AGGRESSIVE;
				CLANG_CXX_LANGUAGE_STANDARD = "gnu++20";
				CLANG_ENABLE_MODULES = YES;
				CLANG_ENABLE_OBJC_ARC = YES;
				CLANG_ENABLE_OBJC_WEAK = YES;
				CLANG_WARN_BLOCK_CAPTURE_AUTORELEASING = YES;
				CLANG_WARN_BOOL_CONVERSION = YES;
				CLANG_WARN_COMMA = YES;
				CLANG_WARN_CONSTANT_CONVERSION = YES;
				CLANG_WARN_DEPRECATED_OBJC_IMPLEMENTATIONS = YES;
				CLANG_WARN_DIRECT_OBJC_ISA_USAGE = YES_ERROR;
				CLANG_WARN_DOCUMENTATION_COMMENTS = YES;
				CLANG_WARN_EMPTY_BODY = YES;
				CLANG_WARN_ENUM_CONVERSION = YES;
				CLANG_WARN_INFINITE_RECURSION = YES;
				CLANG_WARN_INT_CONVERSION = YES;
				CLANG_WARN_NON_LITERAL_NULL_CONVERSION = YES;
				CLANG_WARN_OBJC_IMPLICIT_RETAIN_SELF = YES;
				CLANG_WARN_OBJC_LITERAL_CONVERSION = YES;
				CLANG_WARN_OBJC_ROOT_CLASS = YES_ERROR;
				CLANG_WARN_QUOTED_INCLUDE_IN_FRAMEWORK_HEADER = YES;
				CLANG_WARN_RANGE_LOOP_ANALYSIS = YES;
				CLANG_WARN_STRICT_PROTOTYPES = YES;
				CLANG_WARN_SUSPICIOUS_MOVE = YES;
				CLANG_WARN_UNGUARDED_AVAILABILITY = YES_AGGRESSIVE;
				CLANG_WARN_UNREACHABLE_CODE = YES;
				CLANG_WARN__DUPLICATE_METHOD_MATCH = YES;
				COPY_PHASE_STRIP = NO;
				DEBUG_INFORMATION_FORMAT = "dwarf-with-dsym";
				ENABLE_NS_ASSERTIONS = NO;
				ENABLE_STRICT_OBJC_MSGSEND = YES;
				GCC_C_LANGUAGE_STANDARD = gnu11;
				GCC_NO_COMMON_BLOCKS = YES;
				GCC_WARN_64_TO_32_BIT_CONVERSION = YES;
				GCC_WARN_ABOUT_RETURN_TYPE = YES_ERROR;
				GCC_WARN_UNDECLARED_SELECTOR = YES;
				GCC_WARN_UNINITIALIZED_AUTOS = YES_AGGRESSIVE;
				GCC_WARN_UNUSED_FUNCTION = YES;
				GCC_WARN_UNUSED_VARIABLE = YES;
				MACOSX_DEPLOYMENT_TARGET = 12.3;
				MTL_ENABLE_DEBUG_INFO = NO;
				MTL_FAST_MATH = YES;
				SDKROOT = macosx;
				SWIFT_COMPILATION_MODE = wholemodule;
				SWIFT_OPTIMIZATION_LEVEL = "-O";
			};
			name = Release;
		};
		CE3A6191296557E30012280D /* Debug */ = {
			isa = XCBuildConfiguration;
			buildSettings = {
				CODE_SIGN_STYLE = Automatic;
				PRODUCT_NAME = "$(TARGET_NAME)";
				SWIFT_VERSION = 5.0;
			};
			name = Debug;
		};
		CE3A6192296557E30012280D /* Release */ = {
			isa = XCBuildConfiguration;
			buildSettings = {
				CODE_SIGN_STYLE = Automatic;
				PRODUCT_NAME = "$(TARGET_NAME)";
				SWIFT_VERSION = 5.0;
			};
			name = Release;
		};
/* End XCBuildConfiguration section */

/* Begin XCConfigurationList section */
		CE3A6184296557E30012280D /* Build configuration list for PBXProject "Algorithm_Swift" */ = {
			isa = XCConfigurationList;
			buildConfigurations = (
				CE3A618E296557E30012280D /* Debug */,
				CE3A618F296557E30012280D /* Release */,
			);
			defaultConfigurationIsVisible = 0;
			defaultConfigurationName = Release;
		};
		CE3A6190296557E30012280D /* Build configuration list for PBXNativeTarget "Algorithm_Swift" */ = {
			isa = XCConfigurationList;
			buildConfigurations = (
				CE3A6191296557E30012280D /* Debug */,
				CE3A6192296557E30012280D /* Release */,
			);
			defaultConfigurationIsVisible = 0;
			defaultConfigurationName = Release;
		};
/* End XCConfigurationList section */
	};
	rootObject = CE3A6181296557E30012280D /* Project object */;
}
